
Microsoft Visual Studio Solution File, Format Version 12.00
# Visual Studio 15
Project("{FAE04EC0-301F-11D3-BF4B-00C04F79EFBC}") = "Assembly-CSharp", "Assembly-CSharp.csproj", "{8BB2EA72-472E-719D-CFD6-DA3C827E099F}"
EndProject
Project("{FAE04EC0-301F-11D3-BF4B-00C04F79EFBC}") = "uLipSync.Runtime", "uLipSync.Runtime.csproj", "{153A57B9-48C6-38E1-6CB7-806FFFE26D1F}"
EndProject
Project("{FAE04EC0-301F-11D3-BF4B-00C04F79EFBC}") = "Assembly-CSharp-Editor", "Assembly-CSharp-Editor.csproj", "{FB1B2145-4E82-E527-D576-2BBE86C8B008}"
EndProject
Project("{FAE04EC0-301F-11D3-BF4B-00C04F79EFBC}") = "uLipSync.Editor", "uLipSync.Editor.csproj", "{B5292210-EB08-6E62-081F-C985F45F587A}"
EndProject
Global
	GlobalSection(SolutionConfigurationPlatforms) = preSolution
		Debug|Any CPU = Debug|Any CPU
		Release|Any CPU = Release|Any CPU
	EndGlobalSection
	GlobalSection(ProjectConfigurationPlatforms) = postSolution
		{8BB2EA72-472E-719D-CFD6-DA3C827E099F}.Debug|Any CPU.ActiveCfg = Debug|Any CPU
		{8BB2EA72-472E-719D-CFD6-DA3C827E099F}.Debug|Any CPU.Build.0 = Debug|Any CPU
		{8BB2EA72-472E-719D-CFD6-DA3C827E099F}.Release|Any CPU.ActiveCfg = Release|Any CPU
		{8BB2EA72-472E-719D-CFD6-DA3C827E099F}.Release|Any CPU.Build.0 = Release|Any CPU
		{153A57B9-48C6-38E1-6CB7-806FFFE26D1F}.Debug|Any CPU.ActiveCfg = Debug|Any CPU
		{153A57B9-48C6-38E1-6CB7-806FFFE26D1F}.Debug|Any CPU.Build.0 = Debug|Any CPU
		{153A57B9-48C6-38E1-6CB7-806FFFE26D1F}.Release|Any CPU.ActiveCfg = Release|Any CPU
		{153A57B9-48C6-38E1-6CB7-806FFFE26D1F}.Release|Any CPU.Build.0 = Release|Any CPU
		{FB1B2145-4E82-E527-D576-2BBE86C8B008}.Debug|Any CPU.ActiveCfg = Debug|Any CPU
		{FB1B2145-4E82-E527-D576-2BBE86C8B008}.Debug|Any CPU.Build.0 = Debug|Any CPU
		{FB1B2145-4E82-E527-D576-2BBE86C8B008}.Release|Any CPU.ActiveCfg = Release|Any CPU
		{FB1B2145-4E82-E527-D576-2BBE86C8B008}.Release|Any CPU.Build.0 = Release|Any CPU
		{B5292210-EB08-6E62-081F-C985F45F587A}.Debug|Any CPU.ActiveCfg = Debug|Any CPU
		{B5292210-EB08-6E62-081F-C985F45F587A}.Debug|Any CPU.Build.0 = Debug|Any CPU
		{B5292210-EB08-6E62-081F-C985F45F587A}.Release|Any CPU.ActiveCfg = Release|Any CPU
		{B5292210-EB08-6E62-081F-C985F45F587A}.Release|Any CPU.Build.0 = Release|Any CPU
	EndGlobalSection
	GlobalSection(SolutionProperties) = preSolution
		HideSolutionNode = FALSE
	EndGlobalSection
EndGlobal
